
Microsoft Visual Studio Solution File, Format Version 12.00
# Visual Studio Version 17
VisualStudioVersion = 17.3.32929.385
MinimumVisualStudioVersion = 10.0.40219.1
Project("{FAE04EC0-301F-11D3-BF4B-00C04F79EFBC}") = "MathGame", "MathGame\MathGame.csproj", "{75715E52-3FCB-4FA4-A586-BC3A53EC472C}"
EndProject
Global
	GlobalSection(SolutionConfigurationPlatforms) = preSolution
		Debug|Any CPU = Debug|Any CPU
		Release|Any CPU = Release|Any CPU
	EndGlobalSection
	GlobalSection(ProjectConfigurationPlatforms) = postSolution
		{75715E52-3FCB-4FA4-A586-BC3A53EC472C}.Debug|Any CPU.ActiveCfg = Debug|Any CPU
		{75715E52-3FCB-4FA4-A586-BC3A53EC472C}.Debug|Any CPU.Build.0 = Debug|Any CPU
		{75715E52-3FCB-4FA4-A586-BC3A53EC472C}.Release|Any CPU.ActiveCfg = Release|Any CPU
		{75715E52-3FCB-4FA4-A586-BC3A53EC472C}.Release|Any CPU.Build.0 = Release|Any CPU
	EndGlobalSection
	GlobalSection(SolutionProperties) = preSolution
		HideSolutionNode = FALSE
	EndGlobalSection
	GlobalSection(ExtensibilityGlobals) = postSolution
		SolutionGuid = {CE6C1CA4-E007-489E-9B83-8D437D6EEE48}
	EndGlobalSection
EndGlobal
